
Microsoft Visual Studio Solution File, Format Version 12.00
# Visual Studio Version 17
VisualStudioVersion = 17.10.34916.146
MinimumVisualStudioVersion = 10.0.40219.1
Project("{FAE04EC0-301F-11D3-BF4B-00C04F79EFBC}") = "CAPAPRESENTACION", "MADERERA\CAPAPRESENTACION.csproj", "{8AF54C6C-611A-476D-BA13-29A855A83176}"
EndProject
Project("{FAE04EC0-301F-11D3-BF4B-00C04F79EFBC}") = "Capa_Datos", "Capa_Datos\Capa_Datos.csproj", "{26325BBE-B61C-4890-8CF2-AC5FFE4680B5}"
EndProject
Project("{FAE04EC0-301F-11D3-BF4B-00C04F79EFBC}") = "Capa_Logica", "Capa_Logica\Capa_Logica.csproj", "{48BAA5CB-C086-4964-A9DA-A8587EB5DC10}"
EndProject
Project("{FAE04EC0-301F-11D3-BF4B-00C04F79EFBC}") = "Capa_Entidad", "Capa_Entidad\Capa_Entidad.csproj", "{B1519FD7-6996-4E69-843D-CC37F9605E43}"
EndProject
Global
	GlobalSection(SolutionConfigurationPlatforms) = preSolution
		Debug|Any CPU = Debug|Any CPU
		Release|Any CPU = Release|Any CPU
	EndGlobalSection
	GlobalSection(ProjectConfigurationPlatforms) = postSolution
		{8AF54C6C-611A-476D-BA13-29A855A83176}.Debug|Any CPU.ActiveCfg = Debug|Any CPU
		{8AF54C6C-611A-476D-BA13-29A855A83176}.Debug|Any CPU.Build.0 = Debug|Any CPU
		{8AF54C6C-611A-476D-BA13-29A855A83176}.Release|Any CPU.ActiveCfg = Release|Any CPU
		{8AF54C6C-611A-476D-BA13-29A855A83176}.Release|Any CPU.Build.0 = Release|Any CPU
		{26325BBE-B61C-4890-8CF2-AC5FFE4680B5}.Debug|Any CPU.ActiveCfg = Debug|Any CPU
		{26325BBE-B61C-4890-8CF2-AC5FFE4680B5}.Debug|Any CPU.Build.0 = Debug|Any CPU
		{26325BBE-B61C-4890-8CF2-AC5FFE4680B5}.Release|Any CPU.ActiveCfg = Release|Any CPU
		{26325BBE-B61C-4890-8CF2-AC5FFE4680B5}.Release|Any CPU.Build.0 = Release|Any CPU
		{48BAA5CB-C086-4964-A9DA-A8587EB5DC10}.Debug|Any CPU.ActiveCfg = Debug|Any CPU
		{48BAA5CB-C086-4964-A9DA-A8587EB5DC10}.Debug|Any CPU.Build.0 = Debug|Any CPU
		{48BAA5CB-C086-4964-A9DA-A8587EB5DC10}.Release|Any CPU.ActiveCfg = Release|Any CPU
		{48BAA5CB-C086-4964-A9DA-A8587EB5DC10}.Release|Any CPU.Build.0 = Release|Any CPU
		{B1519FD7-6996-4E69-843D-CC37F9605E43}.Debug|Any CPU.ActiveCfg = Debug|Any CPU
		{B1519FD7-6996-4E69-843D-CC37F9605E43}.Debug|Any CPU.Build.0 = Debug|Any CPU
		{B1519FD7-6996-4E69-843D-CC37F9605E43}.Release|Any CPU.ActiveCfg = Release|Any CPU
		{B1519FD7-6996-4E69-843D-CC37F9605E43}.Release|Any CPU.Build.0 = Release|Any CPU
	EndGlobalSection
	GlobalSection(SolutionProperties) = preSolution
		HideSolutionNode = FALSE
	EndGlobalSection
	GlobalSection(ExtensibilityGlobals) = postSolution
		SolutionGuid = {E63DB436-FABA-4D53-8002-3775E9A37DAB}
	EndGlobalSection
EndGlobal
